
Microsoft Visual Studio Solution File, Format Version 12.00
# Visual Studio Version 17
VisualStudioVersion = 17.14.36310.24 d17.14
MinimumVisualStudioVersion = 10.0.40219.1
Project("{FAE04EC0-301F-11D3-BF4B-00C04F79EFBC}") = "GUI", "GUI\GUI.csproj", "{C7072AD0-BBD4-445B-819D-E75F8A99DC63}"
EndProject
Project("{8BC9CEB8-8B4A-11D0-8D11-00A0C91BC942}") = "Bridge", "Bridge\Bridge.vcxproj", "{3212D520-0813-4507-9C5C-D88E408AF5DB}"
EndProject
Project("{8BC9CEB8-8B4A-11D0-8D11-00A0C91BC942}") = "Backend", "Backend\Backend.vcxproj", "{9B544D6F-CC25-4B4F-8886-B2B43F34883C}"
EndProject
Global
	GlobalSection(SolutionConfigurationPlatforms) = preSolution
		Debug|Any CPU = Debug|Any CPU
		Debug|x64 = Debug|x64
		Debug|x86 = Debug|x86
		Release|Any CPU = Release|Any CPU
		Release|x64 = Release|x64
		Release|x86 = Release|x86
	EndGlobalSection
	GlobalSection(ProjectConfigurationPlatforms) = postSolution
		{C7072AD0-BBD4-445B-819D-E75F8A99DC63}.Debug|Any CPU.ActiveCfg = Debug|Any CPU
		{C7072AD0-BBD4-445B-819D-E75F8A99DC63}.Debug|Any CPU.Build.0 = Debug|Any CPU
		{C7072AD0-BBD4-445B-819D-E75F8A99DC63}.Debug|x64.ActiveCfg = Debug|Any CPU
		{C7072AD0-BBD4-445B-819D-E75F8A99DC63}.Debug|x64.Build.0 = Debug|Any CPU
		{C7072AD0-BBD4-445B-819D-E75F8A99DC63}.Debug|x86.ActiveCfg = Debug|Any CPU
		{C7072AD0-BBD4-445B-819D-E75F8A99DC63}.Debug|x86.Build.0 = Debug|Any CPU
		{C7072AD0-BBD4-445B-819D-E75F8A99DC63}.Release|Any CPU.ActiveCfg = Release|Any CPU
		{C7072AD0-BBD4-445B-819D-E75F8A99DC63}.Release|Any CPU.Build.0 = Release|Any CPU
		{C7072AD0-BBD4-445B-819D-E75F8A99DC63}.Release|x64.ActiveCfg = Release|Any CPU
		{C7072AD0-BBD4-445B-819D-E75F8A99DC63}.Release|x64.Build.0 = Release|Any CPU
		{C7072AD0-BBD4-445B-819D-E75F8A99DC63}.Release|x86.ActiveCfg = Release|Any CPU
		{C7072AD0-BBD4-445B-819D-E75F8A99DC63}.Release|x86.Build.0 = Release|Any CPU
		{3212D520-0813-4507-9C5C-D88E408AF5DB}.Debug|Any CPU.ActiveCfg = Debug|x64
		{3212D520-0813-4507-9C5C-D88E408AF5DB}.Debug|Any CPU.Build.0 = Debug|x64
		{3212D520-0813-4507-9C5C-D88E408AF5DB}.Debug|x64.ActiveCfg = Debug|x64
		{3212D520-0813-4507-9C5C-D88E408AF5DB}.Debug|x64.Build.0 = Debug|x64
		{3212D520-0813-4507-9C5C-D88E408AF5DB}.Debug|x86.ActiveCfg = Debug|Win32
		{3212D520-0813-4507-9C5C-D88E408AF5DB}.Debug|x86.Build.0 = Debug|Win32
		{3212D520-0813-4507-9C5C-D88E408AF5DB}.Release|Any CPU.ActiveCfg = Release|x64
		{3212D520-0813-4507-9C5C-D88E408AF5DB}.Release|Any CPU.Build.0 = Release|x64
		{3212D520-0813-4507-9C5C-D88E408AF5DB}.Release|x64.ActiveCfg = Release|x64
		{3212D520-0813-4507-9C5C-D88E408AF5DB}.Release|x64.Build.0 = Release|x64
		{3212D520-0813-4507-9C5C-D88E408AF5DB}.Release|x86.ActiveCfg = Release|Win32
		{3212D520-0813-4507-9C5C-D88E408AF5DB}.Release|x86.Build.0 = Release|Win32
		{9B544D6F-CC25-4B4F-8886-B2B43F34883C}.Debug|Any CPU.ActiveCfg = Debug|x64
		{9B544D6F-CC25-4B4F-8886-B2B43F34883C}.Debug|Any CPU.Build.0 = Debug|x64
		{9B544D6F-CC25-4B4F-8886-B2B43F34883C}.Debug|x64.ActiveCfg = Debug|x64
		{9B544D6F-CC25-4B4F-8886-B2B43F34883C}.Debug|x64.Build.0 = Debug|x64
		{9B544D6F-CC25-4B4F-8886-B2B43F34883C}.Debug|x86.ActiveCfg = Debug|Win32
		{9B544D6F-CC25-4B4F-8886-B2B43F34883C}.Debug|x86.Build.0 = Debug|Win32
		{9B544D6F-CC25-4B4F-8886-B2B43F34883C}.Release|Any CPU.ActiveCfg = Release|x64
		{9B544D6F-CC25-4B4F-8886-B2B43F34883C}.Release|Any CPU.Build.0 = Release|x64
		{9B544D6F-CC25-4B4F-8886-B2B43F34883C}.Release|x64.ActiveCfg = Release|x64
		{9B544D6F-CC25-4B4F-8886-B2B43F34883C}.Release|x64.Build.0 = Release|x64
		{9B544D6F-CC25-4B4F-8886-B2B43F34883C}.Release|x86.ActiveCfg = Release|Win32
		{9B544D6F-CC25-4B4F-8886-B2B43F34883C}.Release|x86.Build.0 = Release|Win32
	EndGlobalSection
	GlobalSection(SolutionProperties) = preSolution
		HideSolutionNode = FALSE
	EndGlobalSection
	GlobalSection(ExtensibilityGlobals) = postSolution
		SolutionGuid = {E3396C24-B763-4C71-9CA3-F25DFE93AE29}
	EndGlobalSection
EndGlobal
